{
    "_readme": [
        "This file locks the dependencies of your project to a known state",
        "Read more about it at http://getcomposer.org/doc/01-basic-usage.md#composer-lock-the-lock-file",
        "This file is @generated automatically"
    ],
    "hash": "4a2cecd75ed92ccda2c00da7c3fc8b9c",
    "packages": [
        {
            "name": "aquanode/elemental",
            "version": "dev-master",
            "source": {
                "type": "git",
                "url": "https://github.com/Aquanode/Elemental.git",
                "reference": "bf4b4582862db8e672ddde1e6f0fb6809c6d63d7"
            },
            "dist": {
                "type": "zip",
                "url": "https://api.github.com/repos/Aquanode/Elemental/zipball/bf4b4582862db8e672ddde1e6f0fb6809c6d63d7",
                "reference": "bf4b4582862db8e672ddde1e6f0fb6809c6d63d7",
                "shasum": ""
            },
            "require": {
                "illuminate/support": "4.x",
                "php": ">=5.3.0",
                "regulus/tetra-text": "dev-master"
            },
            "type": "library",
            "autoload": {
                "classmap": [
                    "src/migrations"
                ],
                "psr-0": {
                    "Aquanode\\Elemental": "src/"
                }
            },
            "notification-url": "https://packagist.org/downloads/",
            "license": [
                "MIT"
            ],
            "authors": [
                {
                    "name": "Cody Jassman",
                    "email": "cody@aquanode.com"
                }
            ],
            "description": "An HTML element building composer package that simplifies creation of active, selected, or hidden elements.",
            "time": "2014-07-26 19:19:15"
        },
        {
            "name": "aquanode/formation",
            "version": "dev-master",
            "source": {
                "type": "git",
                "url": "https://github.com/Aquanode/Formation.git",
                "reference": "343674dbb77ed0487f18e7fa273a973ce2a0a87e"
            },
            "dist": {
                "type": "zip",
                "url": "https://api.github.com/repos/Aquanode/Formation/zipball/343674dbb77ed0487f18e7fa273a973ce2a0a87e",
                "reference": "343674dbb77ed0487f18e7fa273a973ce2a0a87e",
                "shasum": ""
            },
            "require": {
                "illuminate/support": "4.x",
                "php": ">=5.3.0",
                "regulus/tetra-text": "dev-master"
            },
            "type": "library",
            "autoload": {
                "classmap": [
                    "src/migrations",
                    "src/models"
                ],
                "psr-0": {
                    "Aquanode\\Formation": "src/"
                }
            },
            "notification-url": "https://packagist.org/downloads/",
            "license": [
                "MIT"
            ],
            "authors": [
                {
                    "name": "Cody Jassman",
                    "email": "cody@aquanode.com"
                }
            ],
            "description": "A powerful form creation composer package for Laravel 4.",
            "time": "2014-09-10 06:09:52"
        },
        {
            "name": "erusev/parsedown",
            "version": "dev-master",
            "source": {
                "type": "git",
                "url": "https://github.com/erusev/parsedown.git",
                "reference": "e33ac1c56ea591f21b9cf2fa74356ef708d4e130"
            },
            "dist": {
                "type": "zip",
                "url": "https://api.github.com/repos/erusev/parsedown/zipball/e33ac1c56ea591f21b9cf2fa74356ef708d4e130",
                "reference": "e33ac1c56ea591f21b9cf2fa74356ef708d4e130",
                "shasum": ""
            },
            "type": "library",
            "autoload": {
                "psr-0": {
                    "Parsedown": ""
                }
            },
            "notification-url": "https://packagist.org/downloads/",
            "license": [
                "MIT"
            ],
            "authors": [
                {
                    "name": "Emanuil Rusev",
                    "email": "hello@erusev.com",
                    "homepage": "http://erusev.com"
                }
            ],
            "description": "Parser for Markdown.",
            "homepage": "http://parsedown.org",
            "keywords": [
                "markdown",
                "parser"
            ],
            "time": "2014-06-18 09:27:25"
        },
        {
            "name": "ezyang/htmlpurifier",
            "version": "dev-master",
            "source": {
                "type": "git",
                "url": "https://github.com/ezyang/htmlpurifier.git",
                "reference": "cd60294ada5245c5835baebf0dbb3f44ee851317"
            },
            "dist": {
                "type": "zip",
                "url": "https://api.github.com/repos/ezyang/htmlpurifier/zipball/cd60294ada5245c5835baebf0dbb3f44ee851317",
                "reference": "cd60294ada5245c5835baebf0dbb3f44ee851317",
                "shasum": ""
            },
            "require": {
                "php": ">=5.2"
            },
            "type": "library",
            "autoload": {
                "psr-0": {
                    "HTMLPurifier": "library/"
                },
                "files": [
                    "library/HTMLPurifier.composer.php"
                ]
            },
            "notification-url": "https://packagist.org/downloads/",
            "license": [
                "LGPL"
            ],
            "authors": [
                {
                    "name": "Edward Z. Yang",
                    "email": "admin@htmlpurifier.org",
                    "homepage": "http://ezyang.com"
                }
            ],
            "description": "Standards compliant HTML filter written in PHP",
            "homepage": "http://htmlpurifier.org/",
            "keywords": [
                "html"
            ],
            "time": "2014-08-31 11:12:38"
        },
        {
            "name": "illuminate/support",
            "version": "4.2.x-dev",
            "target-dir": "Illuminate/Support",
            "source": {
                "type": "git",
                "url": "https://github.com/illuminate/support.git",
                "reference": "4831699d6bcddd766e3cebbd8279976854d37027"
            },
            "dist": {
                "type": "zip",
                "url": "https://api.github.com/repos/illuminate/support/zipball/4831699d6bcddd766e3cebbd8279976854d37027",
                "reference": "4831699d6bcddd766e3cebbd8279976854d37027",
                "shasum": ""
            },
            "require": {
                "php": ">=5.4.0"
            },
            "require-dev": {
                "jeremeamia/superclosure": "~1.0.1",
                "patchwork/utf8": "1.1.*"
            },
            "type": "library",
            "extra": {
                "branch-alias": {
                    "dev-master": "4.2-dev"
                }
            },
            "autoload": {
                "psr-0": {
                    "Illuminate\\Support": ""
                },
                "files": [
                    "Illuminate/Support/helpers.php"
                ]
            },
            "notification-url": "https://packagist.org/downloads/",
            "license": [
                "MIT"
            ],
            "authors": [
                {
                    "name": "Taylor Otwell",
                    "email": "taylorotwell@gmail.com"
                }
            ],
            "time": "2014-09-27 01:17:10"
        },
        {
            "name": "maxhoffmann/parsedown-laravel",
            "version": "dev-master",
            "source": {
                "type": "git",
                "url": "https://github.com/maxhoffmann/parsedown-laravel.git",
                "reference": "0499236974239d2193c12e7925b8178d9af8bc4e"
            },
            "dist": {
                "type": "zip",
                "url": "https://api.github.com/repos/maxhoffmann/parsedown-laravel/zipball/0499236974239d2193c12e7925b8178d9af8bc4e",
                "reference": "0499236974239d2193c12e7925b8178d9af8bc4e",
                "shasum": ""
            },
            "require": {
                "erusev/parsedown": "*",
                "php": ">=5.3.0"
            },
            "type": "library",
            "autoload": {
                "psr-0": {
                    "MaxHoffmann\\Parsedown": "src/"
                }
            },
            "notification-url": "https://packagist.org/downloads/",
            "license": [
                "MIT"
            ],
            "authors": [
                {
                    "name": "Maximilian Hoffmann",
                    "email": "max@maximilianhoffmann.com"
                }
            ],
            "description": "A parsedown (markdown) wrapper for Laravel ",
            "homepage": "https://github.com/maxhoffmann/parsedown-laravel",
            "keywords": [
                "Laravel 4",
                "laravel",
                "markdown",
                "parsedown",
                "php"
            ],
            "time": "2013-12-13 23:54:04"
        },
        {
            "name": "regulus/activity-log",
            "version": "dev-master",
            "source": {
                "type": "git",
                "url": "https://github.com/Regulus343/ActivityLog.git",
                "reference": "381f900e9b4dec47c4fe7f9801402b090375a29c"
            },
            "dist": {
                "type": "zip",
                "url": "https://api.github.com/repos/Regulus343/ActivityLog/zipball/381f900e9b4dec47c4fe7f9801402b090375a29c",
                "reference": "381f900e9b4dec47c4fe7f9801402b090375a29c",
                "shasum": ""
            },
            "require": {
                "illuminate/support": "4.x",
                "php": ">=5.3.0"
            },
            "type": "library",
            "autoload": {
                "classmap": [
                    "src/migrations",
                    "src/models"
                ],
                "psr-0": {
                    "Regulus\\ActivityLog": "src/"
                }
            },
            "notification-url": "https://packagist.org/downloads/",
            "license": [
                "MIT"
            ],
            "authors": [
                {
                    "name": "Cody Jassman",
                    "email": "me@codyjassman.com"
                }
            ],
            "description": "A clean and simple Laravel 4 activity logger for monitoring user activity on a website or web application.",
            "time": "2014-07-26 07:10:47"
        },
        {
            "name": "regulus/solid-site",
            "version": "dev-master",
            "source": {
                "type": "git",
                "url": "https://github.com/Regulus343/SolidSite.git",
                "reference": "48e8c086d8feaf11685a0ffb9bd7d459ed2528c1"
            },
            "dist": {
                "type": "zip",
                "url": "https://api.github.com/repos/Regulus343/SolidSite/zipball/48e8c086d8feaf11685a0ffb9bd7d459ed2528c1",
                "reference": "48e8c086d8feaf11685a0ffb9bd7d459ed2528c1",
                "shasum": ""
            },
            "require": {
                "illuminate/support": "4.x",
                "php": ">=5.3.0"
            },
            "type": "library",
            "autoload": {
                "classmap": [
                    "src/migrations"
                ],
                "psr-0": {
                    "Regulus\\SolidSite": "src/"
                }
            },
            "notification-url": "https://packagist.org/downloads/",
            "license": [
                "MIT"
            ],
            "authors": [
                {
                    "name": "Cody Jassman",
                    "email": "me@codyjassman.com"
                }
            ],
            "description": "A composer package that assigns section names & titles to pages and simplifies creation of breadcrumb trails and is useful for other components that require page identifying information such as menus that highlight the current location.",
            "time": "2014-08-20 04:04:18"
        },
        {
            "name": "regulus/tetra-text",
            "version": "dev-master",
            "source": {
                "type": "git",
                "url": "https://github.com/Regulus343/TetraText.git",
                "reference": "bf7f99296d71351e798fb47604e2459fc1cecb07"
            },
            "dist": {
                "type": "zip",
                "url": "https://api.github.com/repos/Regulus343/TetraText/zipball/bf7f99296d71351e798fb47604e2459fc1cecb07",
                "reference": "bf7f99296d71351e798fb47604e2459fc1cecb07",
                "shasum": ""
            },
            "require": {
                "ezyang/htmlpurifier": "dev-master",
                "illuminate/support": "4.x",
                "php": ">=5.3.0"
            },
            "type": "library",
            "autoload": {
                "classmap": [
                    "src/migrations"
                ],
                "psr-0": {
                    "Regulus\\TetraText": "src/"
                }
            },
            "notification-url": "https://packagist.org/downloads/",
            "license": [
                "MIT"
            ],
            "authors": [
                {
                    "name": "Cody Jassman",
                    "email": "me@codyjassman.com"
                }
            ],
            "description": "A small text/string formatting composer package that formats phone numbers, numeric values, money values and more.",
            "time": "2014-10-02 04:08:02"
        },
        {
            "name": "regulus/upstream",
            "version": "dev-master",
            "source": {
                "type": "git",
                "url": "https://github.com/Regulus343/Upstream.git",
                "reference": "255819a402b3760e86f0a44ee62b47df42885dcc"
            },
            "dist": {
                "type": "zip",
                "url": "https://api.github.com/repos/Regulus343/Upstream/zipball/255819a402b3760e86f0a44ee62b47df42885dcc",
                "reference": "255819a402b3760e86f0a44ee62b47df42885dcc",
                "shasum": ""
            },
            "require": {
                "illuminate/support": "4.2.*",
                "php": ">=5.4.0"
            },
            "type": "library",
            "autoload": {
                "classmap": [
                    "src/migrations"
                ],
                "psr-0": {
                    "Regulus\\Upstream\\": "src/"
                }
            },
            "notification-url": "https://packagist.org/downloads/",
            "license": [
                "MIT"
            ],
            "authors": [
                {
                    "name": "Cody Jassman",
                    "email": "me@codyjassman.com"
                }
            ],
            "description": "A simple composer package that assists in file uploads and image resizing/cropping.",
            "time": "2014-10-02 04:11:13"
        }
    ],
    "packages-dev": [],
    "aliases": [],
    "minimum-stability": "dev",
    "stability-flags": {
        "regulus/activity-log": 20,
        "regulus/solid-site": 20,
        "regulus/tetra-text": 20,
        "regulus/upstream": 20,
        "aquanode/formation": 20,
        "aquanode/elemental": 20,
        "maxhoffmann/parsedown-laravel": 20
    },
    "prefer-stable": false,
    "platform": {
        "php": ">=5.3.0"
    },
    "platform-dev": []
}
