{
    "_readme": [
        "This file locks the dependencies of your project to a known state",
        "Read more about it at http://getcomposer.org/doc/01-basic-usage.md#composer-lock-the-lock-file",
        "This file is @generated automatically"
    ],
    "hash": "f172b666dc2a4f958eb94e18055c0d1e",
    "packages": [
        {
            "name": "erusev/parsedown",
            "version": "1.1.4",
            "source": {
                "type": "git",
                "url": "https://github.com/erusev/parsedown.git",
                "reference": "495e7ac73bb5fde6b857b88ff2bb1b5e79a4263a"
            },
            "dist": {
                "type": "zip",
                "url": "https://api.github.com/repos/erusev/parsedown/zipball/495e7ac73bb5fde6b857b88ff2bb1b5e79a4263a",
                "reference": "495e7ac73bb5fde6b857b88ff2bb1b5e79a4263a",
                "shasum": ""
            },
            "type": "library",
            "autoload": {
                "psr-0": {
                    "Parsedown": ""
                }
            },
            "notification-url": "https://packagist.org/downloads/",
            "license": [
                "MIT"
            ],
            "authors": [
                {
                    "name": "Emanuil Rusev",
                    "email": "hello@erusev.com",
                    "homepage": "http://erusev.com"
                }
            ],
            "description": "Parser for Markdown.",
            "homepage": "http://parsedown.org",
            "keywords": [
                "markdown",
                "parser"
            ],
            "time": "2014-11-29 02:29:14"
        },
        {
            "name": "ezyang/htmlpurifier",
            "version": "v4.6.0",
            "source": {
                "type": "git",
                "url": "https://github.com/ezyang/htmlpurifier.git",
                "reference": "6f389f0f25b90d0b495308efcfa073981177f0fd"
            },
            "dist": {
                "type": "zip",
                "url": "https://api.github.com/repos/ezyang/htmlpurifier/zipball/6f389f0f25b90d0b495308efcfa073981177f0fd",
                "reference": "6f389f0f25b90d0b495308efcfa073981177f0fd",
                "shasum": ""
            },
            "require": {
                "php": ">=5.2"
            },
            "type": "library",
            "autoload": {
                "psr-0": {
                    "HTMLPurifier": "library/"
                },
                "files": [
                    "library/HTMLPurifier.composer.php"
                ]
            },
            "notification-url": "https://packagist.org/downloads/",
            "license": [
                "LGPL"
            ],
            "authors": [
                {
                    "name": "Edward Z. Yang",
                    "email": "admin@htmlpurifier.org",
                    "homepage": "http://ezyang.com",
                    "role": "Developer"
                }
            ],
            "description": "Standards compliant HTML filter written in PHP",
            "homepage": "http://htmlpurifier.org/",
            "keywords": [
                "html"
            ],
            "time": "2013-11-30 08:25:19"
        },
        {
            "name": "illuminate/support",
            "version": "v4.2.16",
            "target-dir": "Illuminate/Support",
            "source": {
                "type": "git",
                "url": "https://github.com/illuminate/support.git",
                "reference": "015f51f4d8cb3d9a29e7fe7932843acf15232941"
            },
            "dist": {
                "type": "zip",
                "url": "https://api.github.com/repos/illuminate/support/zipball/015f51f4d8cb3d9a29e7fe7932843acf15232941",
                "reference": "015f51f4d8cb3d9a29e7fe7932843acf15232941",
                "shasum": ""
            },
            "require": {
                "php": ">=5.4.0"
            },
            "require-dev": {
                "jeremeamia/superclosure": "~1.0.1",
                "patchwork/utf8": "1.1.*"
            },
            "type": "library",
            "extra": {
                "branch-alias": {
                    "dev-master": "4.2-dev"
                }
            },
            "autoload": {
                "psr-0": {
                    "Illuminate\\Support": ""
                },
                "files": [
                    "Illuminate/Support/helpers.php"
                ]
            },
            "notification-url": "https://packagist.org/downloads/",
            "license": [
                "MIT"
            ],
            "authors": [
                {
                    "name": "Taylor Otwell",
                    "email": "taylorotwell@gmail.com"
                }
            ],
            "time": "2014-12-19 18:02:33"
        },
        {
            "name": "julien-c/simple-resize",
            "version": "dev-master",
            "source": {
                "type": "git",
                "url": "https://github.com/julien-c/SimpleResize.git",
                "reference": "9823a4dc618a9d3471525c5dafd5f365d70675d4"
            },
            "dist": {
                "type": "zip",
                "url": "https://api.github.com/repos/julien-c/SimpleResize/zipball/9823a4dc618a9d3471525c5dafd5f365d70675d4",
                "reference": "9823a4dc618a9d3471525c5dafd5f365d70675d4",
                "shasum": ""
            },
            "require": {
                "ext-gd": "*"
            },
            "type": "library",
            "autoload": {
                "psr-0": {
                    "SimpleResize": ""
                }
            },
            "notification-url": "https://packagist.org/downloads/",
            "authors": [
                {
                    "name": "Julien Chaumond",
                    "email": "chaumond@gmail.com"
                }
            ],
            "description": "Simple Composer port of Jarrod Oberto's Image Resizing class",
            "time": "2012-10-27 10:37:09"
        },
        {
            "name": "maxhoffmann/parsedown-laravel",
            "version": "dev-master",
            "source": {
                "type": "git",
                "url": "https://github.com/maxhoffmann/parsedown-laravel.git",
                "reference": "0499236974239d2193c12e7925b8178d9af8bc4e"
            },
            "dist": {
                "type": "zip",
                "url": "https://api.github.com/repos/maxhoffmann/parsedown-laravel/zipball/0499236974239d2193c12e7925b8178d9af8bc4e",
                "reference": "0499236974239d2193c12e7925b8178d9af8bc4e",
                "shasum": ""
            },
            "require": {
                "erusev/parsedown": "*",
                "php": ">=5.3.0"
            },
            "type": "library",
            "autoload": {
                "psr-0": {
                    "MaxHoffmann\\Parsedown": "src/"
                }
            },
            "notification-url": "https://packagist.org/downloads/",
            "license": [
                "MIT"
            ],
            "authors": [
                {
                    "name": "Maximilian Hoffmann",
                    "email": "max@maximilianhoffmann.com"
                }
            ],
            "description": "A parsedown (markdown) wrapper for Laravel ",
            "homepage": "https://github.com/maxhoffmann/parsedown-laravel",
            "keywords": [
                "Laravel 4",
                "laravel",
                "markdown",
                "parsedown",
                "php"
            ],
            "time": "2013-12-13 23:54:04"
        },
        {
            "name": "regulus/activity-log",
            "version": "v0.3.1",
            "source": {
                "type": "git",
                "url": "https://github.com/Regulus343/ActivityLog.git",
                "reference": "2c9d65a59345209a0196a98ab8e30c49d712ecd9"
            },
            "dist": {
                "type": "zip",
                "url": "https://api.github.com/repos/Regulus343/ActivityLog/zipball/2c9d65a59345209a0196a98ab8e30c49d712ecd9",
                "reference": "2c9d65a59345209a0196a98ab8e30c49d712ecd9",
                "shasum": ""
            },
            "require": {
                "illuminate/support": "4.x",
                "php": ">=5.3.0"
            },
            "type": "library",
            "autoload": {
                "classmap": [
                    "src/migrations",
                    "src/models"
                ],
                "psr-0": {
                    "Regulus\\ActivityLog": "src/"
                }
            },
            "notification-url": "https://packagist.org/downloads/",
            "license": [
                "MIT"
            ],
            "authors": [
                {
                    "name": "Cody Jassman",
                    "email": "me@codyjassman.com"
                }
            ],
            "description": "A clean and simple Laravel 4 activity logger for monitoring user activity on a website or web application.",
            "time": "2014-11-27 04:14:22"
        },
        {
            "name": "regulus/elemental",
            "version": "v0.3.3",
            "source": {
                "type": "git",
                "url": "https://github.com/Regulus343/Elemental.git",
                "reference": "012af4bfc994a14297efbe8191b0b43b0dcce7a6"
            },
            "dist": {
                "type": "zip",
                "url": "https://api.github.com/repos/Regulus343/Elemental/zipball/012af4bfc994a14297efbe8191b0b43b0dcce7a6",
                "reference": "012af4bfc994a14297efbe8191b0b43b0dcce7a6",
                "shasum": ""
            },
            "require": {
                "illuminate/support": "4.x",
                "php": ">=5.3.0",
                "regulus/tetra-text": "0.4.4"
            },
            "type": "library",
            "autoload": {
                "classmap": [
                    "src/migrations"
                ],
                "psr-0": {
                    "Regulus\\Elemental": "src/"
                }
            },
            "notification-url": "https://packagist.org/downloads/",
            "license": [
                "MIT"
            ],
            "authors": [
                {
                    "name": "Cody Jassman",
                    "email": "me@codyjassman.com"
                }
            ],
            "description": "An HTML element building composer package that simplifies creation of active, selected, or hidden elements.",
            "time": "2014-12-09 04:33:55"
        },
        {
            "name": "regulus/formation",
            "version": "v0.9.0",
            "source": {
                "type": "git",
                "url": "https://github.com/Regulus343/Formation.git",
                "reference": "7eb65f02981cecd7f2adcfeb2e49d6f29da1ff1a"
            },
            "dist": {
                "type": "zip",
                "url": "https://api.github.com/repos/Regulus343/Formation/zipball/7eb65f02981cecd7f2adcfeb2e49d6f29da1ff1a",
                "reference": "7eb65f02981cecd7f2adcfeb2e49d6f29da1ff1a",
                "shasum": ""
            },
            "require": {
                "illuminate/support": "4.x",
                "php": ">=5.3.0",
                "regulus/tetra-text": "0.4.4"
            },
            "type": "library",
            "autoload": {
                "classmap": [
                    "src/migrations",
                    "src/models"
                ],
                "psr-0": {
                    "Regulus\\Formation": "src/"
                }
            },
            "notification-url": "https://packagist.org/downloads/",
            "license": [
                "MIT"
            ],
            "authors": [
                {
                    "name": "Cody Jassman",
                    "email": "me@codyjassman.com"
                }
            ],
            "description": "A powerful form creation composer package for Laravel 4.",
            "time": "2015-01-06 04:20:53"
        },
        {
            "name": "regulus/solid-site",
            "version": "v0.5.0",
            "source": {
                "type": "git",
                "url": "https://github.com/Regulus343/SolidSite.git",
                "reference": "529e3538bd5d2a0f37293d609ee55d5f4dd83902"
            },
            "dist": {
                "type": "zip",
                "url": "https://api.github.com/repos/Regulus343/SolidSite/zipball/529e3538bd5d2a0f37293d609ee55d5f4dd83902",
                "reference": "529e3538bd5d2a0f37293d609ee55d5f4dd83902",
                "shasum": ""
            },
            "require": {
                "illuminate/support": "4.x",
                "php": ">=5.3.0"
            },
            "type": "library",
            "autoload": {
                "classmap": [
                    "src/migrations"
                ],
                "psr-0": {
                    "Regulus\\SolidSite": "src/"
                }
            },
            "notification-url": "https://packagist.org/downloads/",
            "license": [
                "MIT"
            ],
            "authors": [
                {
                    "name": "Cody Jassman",
                    "email": "me@codyjassman.com"
                }
            ],
            "description": "A composer package that assigns section names & titles to pages and simplifies creation of breadcrumb trails and is useful for other components that require page identifying information such as menus that highlight the current location.",
            "time": "2014-12-15 02:37:10"
        },
        {
            "name": "regulus/tetra-text",
            "version": "v0.4.4",
            "source": {
                "type": "git",
                "url": "https://github.com/Regulus343/TetraText.git",
                "reference": "1df6af78ab2daeb300298fc82be681907f1dbf05"
            },
            "dist": {
                "type": "zip",
                "url": "https://api.github.com/repos/Regulus343/TetraText/zipball/1df6af78ab2daeb300298fc82be681907f1dbf05",
                "reference": "1df6af78ab2daeb300298fc82be681907f1dbf05",
                "shasum": ""
            },
            "require": {
                "ezyang/htmlpurifier": "4.6.*",
                "illuminate/support": "4.x",
                "php": ">=5.3.0"
            },
            "type": "library",
            "autoload": {
                "classmap": [
                    "src/migrations"
                ],
                "psr-0": {
                    "Regulus\\TetraText": "src/"
                }
            },
            "notification-url": "https://packagist.org/downloads/",
            "license": [
                "MIT"
            ],
            "authors": [
                {
                    "name": "Cody Jassman",
                    "email": "me@codyjassman.com"
                }
            ],
            "description": "A small text/string formatting composer package that formats phone numbers, numeric values, money values and more.",
            "time": "2014-12-09 04:27:28"
        },
        {
            "name": "regulus/upstream",
            "version": "v0.4.4",
            "source": {
                "type": "git",
                "url": "https://github.com/Regulus343/Upstream.git",
                "reference": "29579380c7d59a73d067ceec1be8b9e87fda52e7"
            },
            "dist": {
                "type": "zip",
                "url": "https://api.github.com/repos/Regulus343/Upstream/zipball/29579380c7d59a73d067ceec1be8b9e87fda52e7",
                "reference": "29579380c7d59a73d067ceec1be8b9e87fda52e7",
                "shasum": ""
            },
            "require": {
                "illuminate/support": "4.2.*",
                "julien-c/simple-resize": "@dev",
                "php": ">=5.4.0"
            },
            "type": "library",
            "autoload": {
                "classmap": [
                    "src/migrations"
                ],
                "psr-0": {
                    "Regulus\\Upstream\\": "src/"
                }
            },
            "notification-url": "https://packagist.org/downloads/",
            "license": [
                "MIT"
            ],
            "authors": [
                {
                    "name": "Cody Jassman",
                    "email": "me@codyjassman.com"
                }
            ],
            "description": "A simple composer package that assists in file uploads and image resizing/cropping.",
            "time": "2014-11-27 06:38:18"
        }
    ],
    "packages-dev": [],
    "aliases": [],
    "minimum-stability": "stable",
    "stability-flags": {
        "maxhoffmann/parsedown-laravel": 20,
        "julien-c/simple-resize": 20
    },
    "prefer-stable": false,
    "prefer-lowest": false,
    "platform": {
        "php": ">=5.4.0"
    },
    "platform-dev": []
}
